
Microsoft Visual Studio Solution File, Format Version 12.00
# Visual Studio Version 16
VisualStudioVersion = 16.0.36631.11
MinimumVisualStudioVersion = 10.0.40219.1
Project("{FAE04EC0-301F-11D3-BF4B-00C04F79EFBC}") = "ToDoList", "ToDoList\ToDoList.csproj", "{5C2E3991-DDF9-4251-A98E-7E74D618013C}"
EndProject
Global
	GlobalSection(SolutionConfigurationPlatforms) = preSolution
		Debug|Any CPU = Debug|Any CPU
		Release|Any CPU = Release|Any CPU
	EndGlobalSection
	GlobalSection(ProjectConfigurationPlatforms) = postSolution
		{5C2E3991-DDF9-4251-A98E-7E74D618013C}.Debug|Any CPU.ActiveCfg = Debug|Any CPU
		{5C2E3991-DDF9-4251-A98E-7E74D618013C}.Debug|Any CPU.Build.0 = Debug|Any CPU
		{5C2E3991-DDF9-4251-A98E-7E74D618013C}.Release|Any CPU.ActiveCfg = Release|Any CPU
		{5C2E3991-DDF9-4251-A98E-7E74D618013C}.Release|Any CPU.Build.0 = Release|Any CPU
	EndGlobalSection
	GlobalSection(SolutionProperties) = preSolution
		HideSolutionNode = FALSE
	EndGlobalSection
	GlobalSection(ExtensibilityGlobals) = postSolution
		SolutionGuid = {D2607A87-3E38-4AF4-9A02-2BA9DBD3E72E}
	EndGlobalSection
EndGlobal
